{
    "name": "mindnote",
    "version": "1.0.0",
    "lockfileVersion": 1,
    "requires": true,
    "dependencies": {
        "@babel/parser": {
            "version": "7.13.11",
            "resolved": "https://registry.npm.taobao.org/@babel/parser/download/@babel/parser-7.13.11.tgz?cache=0&sync_timestamp=1615820421062&other_urls=https%3A%2F%2Fregistry.npm.taobao.org%2F%40babel%2Fparser%2Fdownload%2F%40babel%2Fparser-7.13.11.tgz",
            "integrity": "sha1-+T6/yZ0hwXcq+7qhU/R+fOL1C4g="
        },
        "@babel/types": {
            "version": "7.13.0",
            "resolved": "https://registry.npm.taobao.org/@babel/types/download/@babel/types-7.13.0.tgz?cache=0&sync_timestamp=1614034819122&other_urls=https%3A%2F%2Fregistry.npm.taobao.org%2F%40babel%2Ftypes%2Fdownload%2F%40babel%2Ftypes-7.13.0.tgz",
            "integrity": "sha1-dEJNKBbwFxtBAPCrNOmjdO/ff4A=",
            "requires": {
                "@babel/helper-validator-identifier": "^7.12.11",
                "lodash": "^4.17.19",
                "to-fast-properties": "^2.0.0"
            },
            "dependencies": {
                "@babel/helper-validator-identifier": {
                    "version": "7.12.11",
                    "resolved": "https://registry.npm.taobao.org/@babel/helper-validator-identifier/download/@babel/helper-validator-identifier-7.12.11.tgz",
                    "integrity": "sha1-yaHwIZF9y1zPDU5FPjmQIpgfye0="
                },
                "lodash": {
                    "version": "4.17.21",
                    "resolved": "https://registry.npm.taobao.org/lodash/download/lodash-4.17.21.tgz",
                    "integrity": "sha1-Z5WRxWTDv/quhFTPCz3zcMPWkRw="
                }
            }
        },
        "@vitejs/plugin-vue": {
            "version": "1.1.5",
            "resolved": "https://registry.npm.taobao.org/@vitejs/plugin-vue/download/@vitejs/plugin-vue-1.1.5.tgz",
            "integrity": "sha1-+h6OXgScNeITZy4z9z/oFwatXb4=",
            "dev": true
        },
        "@vue/compiler-core": {
            "version": "3.0.7",
            "resolved": "https://registry.npm.taobao.org/@vue/compiler-core/download/@vue/compiler-core-3.0.7.tgz?cache=0&sync_timestamp=1614619144678&other_urls=https%3A%2F%2Fregistry.npm.taobao.org%2F%40vue%2Fcompiler-core%2Fdownload%2F%40vue%2Fcompiler-core-3.0.7.tgz",
            "integrity": "sha1-QheCpMZ8w/K3wwRX70RtdPhST3Q=",
            "requires": {
                "@babel/parser": "^7.12.0",
                "@babel/types": "^7.12.0",
                "@vue/shared": "3.0.7",
                "estree-walker": "^2.0.1",
                "source-map": "^0.6.1"
            }
        },
        "@vue/compiler-dom": {
            "version": "3.0.7",
            "resolved": "https://registry.npm.taobao.org/@vue/compiler-dom/download/@vue/compiler-dom-3.0.7.tgz?cache=0&sync_timestamp=1614619147363&other_urls=https%3A%2F%2Fregistry.npm.taobao.org%2F%40vue%2Fcompiler-dom%2Fdownload%2F%40vue%2Fcompiler-dom-3.0.7.tgz",
            "integrity": "sha1-VNLhL7mnr/U6vRnawsJnlTPwyRk=",
            "requires": {
                "@vue/compiler-core": "3.0.7",
                "@vue/shared": "3.0.7"
            }
        },
        "@vue/compiler-sfc": {
            "version": "3.0.7",
            "resolved": "https://registry.npm.taobao.org/@vue/compiler-sfc/download/@vue/compiler-sfc-3.0.7.tgz?cache=0&sync_timestamp=1614619149945&other_urls=https%3A%2F%2Fregistry.npm.taobao.org%2F%40vue%2Fcompiler-sfc%2Fdownload%2F%40vue%2Fcompiler-sfc-3.0.7.tgz",
            "integrity": "sha1-kAQUdQzHJlU7hwSQ9IBzRR/RTwc=",
            "dev": true,
            "requires": {
                "@babel/parser": "^7.12.0",
                "@babel/types": "^7.12.0",
                "@vue/compiler-core": "3.0.7",
                "@vue/compiler-dom": "3.0.7",
                "@vue/compiler-ssr": "3.0.7",
                "@vue/shared": "3.0.7",
                "consolidate": "^0.16.0",
                "estree-walker": "^2.0.1",
                "hash-sum": "^2.0.0",
                "lru-cache": "^5.1.1",
                "magic-string": "^0.25.7",
                "merge-source-map": "^1.1.0",
                "postcss": "^8.1.10",
                "postcss-modules": "^4.0.0",
                "postcss-selector-parser": "^6.0.4",
                "source-map": "^0.6.1"
            },
            "dependencies": {
                "consolidate": {
                    "version": "0.16.0",
                    "resolved": "https://registry.npm.taobao.org/consolidate/download/consolidate-0.16.0.tgz?cache=0&sync_timestamp=1599597070540&other_urls=https%3A%2F%2Fregistry.npm.taobao.org%2Fconsolidate%2Fdownload%2Fconsolidate-0.16.0.tgz",
                    "integrity": "sha1-oRhkdokw8vGUMWYKZZBmaPX73BY=",
                    "dev": true,
                    "requires": {
                        "bluebird": "^3.7.2"
                    }
                },
                "hash-sum": {
                    "version": "2.0.0",
                    "resolved": "https://registry.npm.taobao.org/hash-sum/download/hash-sum-2.0.0.tgz",
                    "integrity": "sha1-gdAbtd6OpKIUrV1urRtSNGCwtFo=",
                    "dev": true
                },
                "postcss": {
                    "version": "8.2.8",
                    "resolved": "https://registry.npm.taobao.org/postcss/download/postcss-8.2.8.tgz?cache=0&sync_timestamp=1615327834455&other_urls=https%3A%2F%2Fregistry.npm.taobao.org%2Fpostcss%2Fdownload%2Fpostcss-8.2.8.tgz",
                    "integrity": "sha1-C5D5OC79pCTE8PaaLq1vaDDQjs4=",
                    "dev": true,
                    "requires": {
                        "colorette": "^1.2.2",
                        "nanoid": "^3.1.20",
                        "source-map": "^0.6.1"
                    }
                },
                "postcss-selector-parser": {
                    "version": "6.0.4",
                    "resolved": "https://registry.npm.taobao.org/postcss-selector-parser/download/postcss-selector-parser-6.0.4.tgz",
                    "integrity": "sha1-VgdaE4CgRgTDiwY+p3Z6Epr1wrM=",
                    "dev": true,
                    "requires": {
                        "cssesc": "^3.0.0",
                        "indexes-of": "^1.0.1",
                        "uniq": "^1.0.1",
                        "util-deprecate": "^1.0.2"
                    }
                }
            }
        },
        "@vue/compiler-ssr": {
            "version": "3.0.7",
            "resolved": "https://registry.npm.taobao.org/@vue/compiler-ssr/download/@vue/compiler-ssr-3.0.7.tgz?cache=0&sync_timestamp=1614619154952&other_urls=https%3A%2F%2Fregistry.npm.taobao.org%2F%40vue%2Fcompiler-ssr%2Fdownload%2F%40vue%2Fcompiler-ssr-3.0.7.tgz",
            "integrity": "sha1-KLhdSXOB11/kQjQFexQLAGXKnb8=",
            "dev": true,
            "requires": {
                "@vue/compiler-dom": "3.0.7",
                "@vue/shared": "3.0.7"
            }
        },
        "@vue/reactivity": {
            "version": "3.0.7",
            "resolved": "https://registry.npm.taobao.org/@vue/reactivity/download/@vue/reactivity-3.0.7.tgz?cache=0&sync_timestamp=1614619152518&other_urls=https%3A%2F%2Fregistry.npm.taobao.org%2F%40vue%2Freactivity%2Fdownload%2F%40vue%2Freactivity-3.0.7.tgz",
            "integrity": "sha1-5szHvvf8ELCXLk2XS61xZ507Jq0=",
            "requires": {
                "@vue/shared": "3.0.7"
            }
        },
        "@vue/runtime-core": {
            "version": "3.0.7",
            "resolved": "https://registry.npm.taobao.org/@vue/runtime-core/download/@vue/runtime-core-3.0.7.tgz?cache=0&sync_timestamp=1614619157934&other_urls=https%3A%2F%2Fregistry.npm.taobao.org%2F%40vue%2Fruntime-core%2Fdownload%2F%40vue%2Fruntime-core-3.0.7.tgz",
            "integrity": "sha1-1EwLClfX45KRKoc2KkQwzPRG7Oo=",
            "requires": {
                "@vue/reactivity": "3.0.7",
                "@vue/shared": "3.0.7"
            }
        },
        "@vue/runtime-dom": {
            "version": "3.0.7",
            "resolved": "https://registry.npm.taobao.org/@vue/runtime-dom/download/@vue/runtime-dom-3.0.7.tgz?cache=0&sync_timestamp=1614619164786&other_urls=https%3A%2F%2Fregistry.npm.taobao.org%2F%40vue%2Fruntime-dom%2Fdownload%2F%40vue%2Fruntime-dom-3.0.7.tgz",
            "integrity": "sha1-twZo1ykCC8StYIwgNnIj8llXa6Y=",
            "requires": {
                "@vue/runtime-core": "3.0.7",
                "@vue/shared": "3.0.7",
                "csstype": "^2.6.8"
            }
        },
        "@vue/shared": {
            "version": "3.0.7",
            "resolved": "https://registry.npm.taobao.org/@vue/shared/download/@vue/shared-3.0.7.tgz?cache=0&sync_timestamp=1614619160213&other_urls=https%3A%2F%2Fregistry.npm.taobao.org%2F%40vue%2Fshared%2Fdownload%2F%40vue%2Fshared-3.0.7.tgz",
            "integrity": "sha1-ltUpiO/AdETBCMfGgDunzJPkAEU="
        },
        "big.js": {
            "version": "5.2.2",
            "resolved": "https://registry.npm.taobao.org/big.js/download/big.js-5.2.2.tgz",
            "integrity": "sha1-ZfCvOC9Xi83HQr2cKB6cstd2gyg=",
            "dev": true
        },
        "bluebird": {
            "version": "3.7.2",
            "resolved": "https://registry.npm.taobao.org/bluebird/download/bluebird-3.7.2.tgz",
            "integrity": "sha1-nyKcFb4nJFT/qXOs4NvueaGww28=",
            "dev": true
        },
        "colorette": {
            "version": "1.2.2",
            "resolved": "https://registry.npm.taobao.org/colorette/download/colorette-1.2.2.tgz?cache=0&sync_timestamp=1614259838969&other_urls=https%3A%2F%2Fregistry.npm.taobao.org%2Fcolorette%2Fdownload%2Fcolorette-1.2.2.tgz",
            "integrity": "sha1-y8x51emcrqLb8Q6zom/Ys+as+pQ=",
            "dev": true
        },
        "copy-anything": {
            "version": "2.0.3",
            "resolved": "https://registry.npm.taobao.org/copy-anything/download/copy-anything-2.0.3.tgz",
            "integrity": "sha1-hCQHugJGaw34RIGbvjuuu+XUXYc=",
            "dev": true,
            "requires": {
                "is-what": "^3.12.0"
            }
        },
        "cssesc": {
            "version": "3.0.0",
            "resolved": "https://registry.npm.taobao.org/cssesc/download/cssesc-3.0.0.tgz",
            "integrity": "sha1-N3QZGZA7hoVl4cCep0dEXNGJg+4=",
            "dev": true
        },
        "csstype": {
            "version": "2.6.16",
            "resolved": "https://registry.npm.taobao.org/csstype/download/csstype-2.6.16.tgz?cache=0&sync_timestamp=1614159885468&other_urls=https%3A%2F%2Fregistry.npm.taobao.org%2Fcsstype%2Fdownload%2Fcsstype-2.6.16.tgz",
            "integrity": "sha1-VE1p9UcBO4WkDRW/912zjzT+nDk="
        },
        "dotenv": {
            "version": "8.2.0",
            "resolved": "https://registry.npm.taobao.org/dotenv/download/dotenv-8.2.0.tgz",
            "integrity": "sha1-l+YZJZradQ7qPk6j4mvO6lQksWo=",
            "dev": true
        },
        "emojis-list": {
            "version": "3.0.0",
            "resolved": "https://registry.npm.taobao.org/emojis-list/download/emojis-list-3.0.0.tgz",
            "integrity": "sha1-VXBmIEatKeLpFucariYKvf9Pang=",
            "dev": true
        },
        "errno": {
            "version": "0.1.7",
            "resolved": "https://registry.npm.taobao.org/errno/download/errno-0.1.7.tgz",
            "integrity": "sha1-RoTXF3mtOa8Xfj8AeZb3xnyFJhg=",
            "dev": true,
            "optional": true,
            "requires": {
                "prr": "~1.0.1"
            }
        },
        "esbuild": {
            "version": "0.9.3",
            "resolved": "https://registry.npm.taobao.org/esbuild/download/esbuild-0.9.3.tgz?cache=0&sync_timestamp=1615968988121&other_urls=https%3A%2F%2Fregistry.npm.taobao.org%2Fesbuild%2Fdownload%2Fesbuild-0.9.3.tgz",
            "integrity": "sha1-CSk6C4JBWcaqJIjRxsIvV9hEj3Q=",
            "dev": true
        },
        "estree-walker": {
            "version": "2.0.2",
            "resolved": "https://registry.npm.taobao.org/estree-walker/download/estree-walker-2.0.2.tgz",
            "integrity": "sha1-UvAQF4wqTBF6d1fP6UKtt9LaTKw="
        },
        "function-bind": {
            "version": "1.1.1",
            "resolved": "https://registry.npm.taobao.org/function-bind/download/function-bind-1.1.1.tgz",
            "integrity": "sha1-pWiZ0+o8m6uHS7l3O3xe3pL0iV0=",
            "dev": true
        },
        "generic-names": {
            "version": "2.0.1",
            "resolved": "https://registry.npm.taobao.org/generic-names/download/generic-names-2.0.1.tgz?cache=0&sync_timestamp=1603545201878&other_urls=https%3A%2F%2Fregistry.npm.taobao.org%2Fgeneric-names%2Fdownload%2Fgeneric-names-2.0.1.tgz",
            "integrity": "sha1-+KN46tLMqno08DF7BVVIMq5BuHI=",
            "dev": true,
            "requires": {
                "loader-utils": "^1.1.0"
            }
        },
        "graceful-fs": {
            "version": "4.2.4",
            "resolved": "https://registry.npm.taobao.org/graceful-fs/download/graceful-fs-4.2.4.tgz?cache=0&other_urls=https%3A%2F%2Fregistry.npm.taobao.org%2Fgraceful-fs%2Fdownload%2Fgraceful-fs-4.2.4.tgz",
            "integrity": "sha1-Ila94U02MpWMRl68ltxGfKB6Kfs=",
            "dev": true,
            "optional": true
        },
        "has": {
            "version": "1.0.3",
            "resolved": "https://registry.npm.taobao.org/has/download/has-1.0.3.tgz",
            "integrity": "sha1-ci18v8H2qoJB8W3YFOAR4fQeh5Y=",
            "dev": true,
            "requires": {
                "function-bind": "^1.1.1"
            }
        },
        "icss-replace-symbols": {
            "version": "1.1.0",
            "resolved": "https://registry.npm.taobao.org/icss-replace-symbols/download/icss-replace-symbols-1.1.0.tgz",
            "integrity": "sha1-Bupvg2ead0njhs/h/oEq5dsiPe0=",
            "dev": true
        },
        "image-size": {
            "version": "0.5.5",
            "resolved": "https://registry.npm.taobao.org/image-size/download/image-size-0.5.5.tgz",
            "integrity": "sha1-Cd/Uq50g4p6xw+gLiZA3jfnjy5w=",
            "dev": true,
            "optional": true
        },
        "indexes-of": {
            "version": "1.0.1",
            "resolved": "https://registry.npm.taobao.org/indexes-of/download/indexes-of-1.0.1.tgz",
            "integrity": "sha1-8w9xbI4r00bHtn0985FVZqfAVgc=",
            "dev": true
        },
        "is-core-module": {
            "version": "2.2.0",
            "resolved": "https://registry.npm.taobao.org/is-core-module/download/is-core-module-2.2.0.tgz?cache=0&sync_timestamp=1606413651726&other_urls=https%3A%2F%2Fregistry.npm.taobao.org%2Fis-core-module%2Fdownload%2Fis-core-module-2.2.0.tgz",
            "integrity": "sha1-lwN+89UiJNhRY/VZeytj2a/tmBo=",
            "dev": true,
            "requires": {
                "has": "^1.0.3"
            }
        },
        "is-what": {
            "version": "3.14.1",
            "resolved": "https://registry.npm.taobao.org/is-what/download/is-what-3.14.1.tgz",
            "integrity": "sha1-4SIvRt3ahd6tD9HJ3xMXYOd3VcE=",
            "dev": true
        },
        "json5": {
            "version": "1.0.1",
            "resolved": "https://registry.npm.taobao.org/json5/download/json5-1.0.1.tgz",
            "integrity": "sha1-d5+wAYYE+oVOrL9iUhgNg1Q+Pb4=",
            "dev": true,
            "requires": {
                "minimist": "^1.2.0"
            }
        },
        "less": {
            "version": "3.13.1",
            "resolved": "https://registry.npm.taobao.org/less/download/less-3.13.1.tgz?cache=0&other_urls=https%3A%2F%2Fregistry.npm.taobao.org%2Fless%2Fdownload%2Fless-3.13.1.tgz",
            "integrity": "sha1-DryR0qDpwMZzW4PUlrCrBYMHeQk=",
            "dev": true,
            "requires": {
                "copy-anything": "^2.0.1",
                "errno": "^0.1.1",
                "graceful-fs": "^4.1.2",
                "image-size": "~0.5.0",
                "make-dir": "^2.1.0",
                "mime": "^1.4.1",
                "native-request": "^1.0.5",
                "source-map": "~0.6.0",
                "tslib": "^1.10.0"
            },
            "dependencies": {
                "mime": {
                    "version": "1.6.0",
                    "resolved": "https://registry.npm.taobao.org/mime/download/mime-1.6.0.tgz",
                    "integrity": "sha1-Ms2eXGRVO9WNGaVor0Uqz/BJgbE=",
                    "dev": true,
                    "optional": true
                }
            }
        },
        "loader-utils": {
            "version": "1.4.0",
            "resolved": "https://registry.npm.taobao.org/loader-utils/download/loader-utils-1.4.0.tgz",
            "integrity": "sha1-xXm140yzSxp07cbB+za/o3HVphM=",
            "dev": true,
            "requires": {
                "big.js": "^5.2.2",
                "emojis-list": "^3.0.0",
                "json5": "^1.0.1"
            }
        },
        "lodash.camelcase": {
            "version": "4.3.0",
            "resolved": "https://registry.npm.taobao.org/lodash.camelcase/download/lodash.camelcase-4.3.0.tgz?cache=0&sync_timestamp=1577806297529&other_urls=https%3A%2F%2Fregistry.npm.taobao.org%2Flodash.camelcase%2Fdownload%2Flodash.camelcase-4.3.0.tgz",
            "integrity": "sha1-soqmKIorn8ZRA1x3EfZathkDMaY=",
            "dev": true
        },
        "lru-cache": {
            "version": "5.1.1",
            "resolved": "https://registry.npm.taobao.org/lru-cache/download/lru-cache-5.1.1.tgz",
            "integrity": "sha1-HaJ+ZxAnGUdpXa9oSOhH8B2EuSA=",
            "dev": true,
            "requires": {
                "yallist": "^3.0.2"
            }
        },
        "magic-string": {
            "version": "0.25.7",
            "resolved": "https://registry.npm.taobao.org/magic-string/download/magic-string-0.25.7.tgz",
            "integrity": "sha1-P0l9b9NMZpxnmNy4IfLvMfVEUFE=",
            "dev": true,
            "requires": {
                "sourcemap-codec": "^1.4.4"
            }
        },
        "make-dir": {
            "version": "2.1.0",
            "resolved": "https://registry.npm.taobao.org/make-dir/download/make-dir-2.1.0.tgz",
            "integrity": "sha1-XwMQ4YuL6JjMBwCSlaMK5B6R5vU=",
            "dev": true,
            "optional": true,
            "requires": {
                "pify": "^4.0.1",
                "semver": "^5.6.0"
            }
        },
        "merge-source-map": {
            "version": "1.1.0",
            "resolved": "https://registry.npm.taobao.org/merge-source-map/download/merge-source-map-1.1.0.tgz",
            "integrity": "sha1-L93n5gIJOfcJBqaPLXrmheTIxkY=",
            "dev": true,
            "requires": {
                "source-map": "^0.6.1"
            }
        },
        "minimist": {
            "version": "1.2.5",
            "resolved": "https://registry.npm.taobao.org/minimist/download/minimist-1.2.5.tgz",
            "integrity": "sha1-Z9ZgFLZqaoqqDAg8X9WN9OTpdgI=",
            "dev": true
        },
        "nanoid": {
            "version": "3.1.22",
            "resolved": "https://registry.npm.taobao.org/nanoid/download/nanoid-3.1.22.tgz",
            "integrity": "sha1-s1+Pt9FRmQqK69WqUBXAPPcm+EQ=",
            "dev": true
        },
        "native-request": {
            "version": "1.0.8",
            "resolved": "https://registry.npm.taobao.org/native-request/download/native-request-1.0.8.tgz?cache=0&sync_timestamp=1603412804149&other_urls=https%3A%2F%2Fregistry.npm.taobao.org%2Fnative-request%2Fdownload%2Fnative-request-1.0.8.tgz",
            "integrity": "sha1-j2a/YG4PfqJ8DlmV6y9dA+M65vs=",
            "dev": true,
            "optional": true
        },
        "path-parse": {
            "version": "1.0.6",
            "resolved": "https://registry.npm.taobao.org/path-parse/download/path-parse-1.0.6.tgz",
            "integrity": "sha1-1i27VnlAXXLEc37FhgDp3c8G0kw=",
            "dev": true
        },
        "pify": {
            "version": "4.0.1",
            "resolved": "https://registry.npm.taobao.org/pify/download/pify-4.0.1.tgz",
            "integrity": "sha1-SyzSXFDVmHNcUCkiJP2MbfQeMjE=",
            "dev": true,
            "optional": true
        },
        "postcss-modules": {
            "version": "4.0.0",
            "resolved": "https://registry.npm.taobao.org/postcss-modules/download/postcss-modules-4.0.0.tgz?cache=0&sync_timestamp=1606641122441&other_urls=https%3A%2F%2Fregistry.npm.taobao.org%2Fpostcss-modules%2Fdownload%2Fpostcss-modules-4.0.0.tgz",
            "integrity": "sha1-K8fydquI8/Gw+t9svXdy1DtfO5s=",
            "dev": true,
            "requires": {
                "generic-names": "^2.0.1",
                "icss-replace-symbols": "^1.1.0",
                "lodash.camelcase": "^4.3.0",
                "postcss-modules-extract-imports": "^3.0.0",
                "postcss-modules-local-by-default": "^4.0.0",
                "postcss-modules-scope": "^3.0.0",
                "postcss-modules-values": "^4.0.0",
                "string-hash": "^1.1.1"
            },
            "dependencies": {
                "icss-utils": {
                    "version": "5.1.0",
                    "resolved": "https://registry.npm.taobao.org/icss-utils/download/icss-utils-5.1.0.tgz?cache=0&sync_timestamp=1605801458520&other_urls=https%3A%2F%2Fregistry.npm.taobao.org%2Ficss-utils%2Fdownload%2Ficss-utils-5.1.0.tgz",
                    "integrity": "sha1-xr5oWKvQE9do6YNmrkfiXViHsa4=",
                    "dev": true
                },
                "postcss-modules-extract-imports": {
                    "version": "3.0.0",
                    "resolved": "https://registry.npm.taobao.org/postcss-modules-extract-imports/download/postcss-modules-extract-imports-3.0.0.tgz?cache=0&sync_timestamp=1602588202058&other_urls=https%3A%2F%2Fregistry.npm.taobao.org%2Fpostcss-modules-extract-imports%2Fdownload%2Fpostcss-modules-extract-imports-3.0.0.tgz",
                    "integrity": "sha1-zaHwR8CugMl9vijD52pDuIAldB0=",
                    "dev": true
                },
                "postcss-modules-local-by-default": {
                    "version": "4.0.0",
                    "resolved": "https://registry.npm.taobao.org/postcss-modules-local-by-default/download/postcss-modules-local-by-default-4.0.0.tgz?cache=0&sync_timestamp=1602587625149&other_urls=https%3A%2F%2Fregistry.npm.taobao.org%2Fpostcss-modules-local-by-default%2Fdownload%2Fpostcss-modules-local-by-default-4.0.0.tgz",
                    "integrity": "sha1-67tU+uFZjuz99pGgKz/zs5ClpRw=",
                    "dev": true,
                    "requires": {
                        "icss-utils": "^5.0.0",
                        "postcss-selector-parser": "^6.0.2",
                        "postcss-value-parser": "^4.1.0"
                    }
                },
                "postcss-modules-scope": {
                    "version": "3.0.0",
                    "resolved": "https://registry.npm.taobao.org/postcss-modules-scope/download/postcss-modules-scope-3.0.0.tgz?cache=0&sync_timestamp=1602593133331&other_urls=https%3A%2F%2Fregistry.npm.taobao.org%2Fpostcss-modules-scope%2Fdownload%2Fpostcss-modules-scope-3.0.0.tgz",
                    "integrity": "sha1-nvMVFFbTu/oSDKRImN/Kby+gHwY=",
                    "dev": true,
                    "requires": {
                        "postcss-selector-parser": "^6.0.4"
                    },
                    "dependencies": {
                        "postcss-selector-parser": {
                            "version": "6.0.4",
                            "resolved": "https://registry.npm.taobao.org/postcss-selector-parser/download/postcss-selector-parser-6.0.4.tgz",
                            "integrity": "sha1-VgdaE4CgRgTDiwY+p3Z6Epr1wrM=",
                            "dev": true,
                            "requires": {
                                "cssesc": "^3.0.0",
                                "indexes-of": "^1.0.1",
                                "uniq": "^1.0.1",
                                "util-deprecate": "^1.0.2"
                            }
                        }
                    }
                },
                "postcss-modules-values": {
                    "version": "4.0.0",
                    "resolved": "https://registry.npm.taobao.org/postcss-modules-values/download/postcss-modules-values-4.0.0.tgz?cache=0&sync_timestamp=1602586179271&other_urls=https%3A%2F%2Fregistry.npm.taobao.org%2Fpostcss-modules-values%2Fdownload%2Fpostcss-modules-values-4.0.0.tgz",
                    "integrity": "sha1-18Xn5ow7s8myfL9Iyguz/7RgLJw=",
                    "dev": true,
                    "requires": {
                        "icss-utils": "^5.0.0"
                    }
                },
                "postcss-value-parser": {
                    "version": "4.1.0",
                    "resolved": "https://registry.npm.taobao.org/postcss-value-parser/download/postcss-value-parser-4.1.0.tgz",
                    "integrity": "sha1-RD9qIM7WSBor2k+oUypuVdeJoss=",
                    "dev": true
                }
            }
        },
        "postcss-selector-parser": {
            "version": "6.0.2",
            "resolved": "https://registry.npm.taobao.org/postcss-selector-parser/download/postcss-selector-parser-6.0.2.tgz",
            "integrity": "sha1-k0z3mdAWyDQRhZ4J3Oyt4BKG7Fw=",
            "dev": true,
            "requires": {
                "cssesc": "^3.0.0",
                "indexes-of": "^1.0.1",
                "uniq": "^1.0.1"
            }
        },
        "prr": {
            "version": "1.0.1",
            "resolved": "https://registry.npm.taobao.org/prr/download/prr-1.0.1.tgz",
            "integrity": "sha1-0/wRS6BplaRexok/SEzrHXj19HY=",
            "dev": true,
            "optional": true
        },
        "rollup": {
            "version": "2.41.5",
            "resolved": "https://registry.npm.taobao.org/rollup/download/rollup-2.41.5.tgz",
            "integrity": "sha1-55zvjMXBIWElKPWQMZY5sfMtotc=",
            "dev": true,
            "requires": {
                "fsevents": "~2.3.1"
            },
            "dependencies": {
                "fsevents": {
                    "version": "2.3.2",
                    "resolved": "https://registry.npm.taobao.org/fsevents/download/fsevents-2.3.2.tgz?cache=0&sync_timestamp=1612536512306&other_urls=https%3A%2F%2Fregistry.npm.taobao.org%2Ffsevents%2Fdownload%2Ffsevents-2.3.2.tgz",
                    "integrity": "sha1-ilJveLj99GI7cJ4Ll1xSwkwC/Ro=",
                    "dev": true,
                    "optional": true
                }
            }
        },
        "semver": {
            "version": "5.7.1",
            "resolved": "https://registry.npm.taobao.org/semver/download/semver-5.7.1.tgz?cache=0&sync_timestamp=1606854493763&other_urls=https%3A%2F%2Fregistry.npm.taobao.org%2Fsemver%2Fdownload%2Fsemver-5.7.1.tgz",
            "integrity": "sha1-qVT5Ma66UI0we78Gnv8MAclhFvc=",
            "dev": true,
            "optional": true
        },
        "source-map": {
            "version": "0.6.1",
            "resolved": "https://registry.npm.taobao.org/source-map/download/source-map-0.6.1.tgz",
            "integrity": "sha1-dHIq8y6WFOnCh6jQu95IteLxomM="
        },
        "sourcemap-codec": {
            "version": "1.4.8",
            "resolved": "https://registry.npm.taobao.org/sourcemap-codec/download/sourcemap-codec-1.4.8.tgz",
            "integrity": "sha1-6oBL2UhXQC5pktBaOO8a41qatMQ=",
            "dev": true
        },
        "string-hash": {
            "version": "1.1.3",
            "resolved": "https://registry.npm.taobao.org/string-hash/download/string-hash-1.1.3.tgz",
            "integrity": "sha1-6Kr8CsGFW0Zmkp7X3RJ1311sgRs=",
            "dev": true
        },
        "to-fast-properties": {
            "version": "2.0.0",
            "resolved": "https://registry.npm.taobao.org/to-fast-properties/download/to-fast-properties-2.0.0.tgz",
            "integrity": "sha1-3F5pjL0HkmW8c+A3doGk5Og/YW4="
        },
        "tslib": {
            "version": "1.13.0",
            "resolved": "https://registry.npm.taobao.org/tslib/download/tslib-1.13.0.tgz?cache=0&sync_timestamp=1609887785854&other_urls=https%3A%2F%2Fregistry.npm.taobao.org%2Ftslib%2Fdownload%2Ftslib-1.13.0.tgz",
            "integrity": "sha1-yIHhPMcBWJTtkUhi0nZDb6mkcEM=",
            "dev": true
        },
        "uniq": {
            "version": "1.0.1",
            "resolved": "https://registry.npm.taobao.org/uniq/download/uniq-1.0.1.tgz",
            "integrity": "sha1-sxxa6CVIRKOoKBVBzisEuGWnNP8=",
            "dev": true
        },
        "util-deprecate": {
            "version": "1.0.2",
            "resolved": "https://registry.npm.taobao.org/util-deprecate/download/util-deprecate-1.0.2.tgz",
            "integrity": "sha1-RQ1Nyfpw3nMnYvvS1KKJgUGaDM8=",
            "dev": true
        },
        "vite": {
            "version": "2.1.2",
            "resolved": "https://registry.npm.taobao.org/vite/download/vite-2.1.2.tgz",
            "integrity": "sha1-CuyvbTQRKyRTbfGhTNjXT9yrbiA=",
            "dev": true,
            "requires": {
                "esbuild": "^0.9.3",
                "fsevents": "~2.3.1",
                "postcss": "^8.2.1",
                "resolve": "^1.19.0",
                "rollup": "^2.38.5"
            },
            "dependencies": {
                "fsevents": {
                    "version": "2.3.2",
                    "resolved": "https://registry.npm.taobao.org/fsevents/download/fsevents-2.3.2.tgz?cache=0&sync_timestamp=1612536512306&other_urls=https%3A%2F%2Fregistry.npm.taobao.org%2Ffsevents%2Fdownload%2Ffsevents-2.3.2.tgz",
                    "integrity": "sha1-ilJveLj99GI7cJ4Ll1xSwkwC/Ro=",
                    "dev": true,
                    "optional": true
                },
                "postcss": {
                    "version": "8.2.8",
                    "resolved": "https://registry.npm.taobao.org/postcss/download/postcss-8.2.8.tgz?cache=0&sync_timestamp=1615327834455&other_urls=https%3A%2F%2Fregistry.npm.taobao.org%2Fpostcss%2Fdownload%2Fpostcss-8.2.8.tgz",
                    "integrity": "sha1-C5D5OC79pCTE8PaaLq1vaDDQjs4=",
                    "dev": true,
                    "requires": {
                        "colorette": "^1.2.2",
                        "nanoid": "^3.1.20",
                        "source-map": "^0.6.1"
                    }
                },
                "resolve": {
                    "version": "1.20.0",
                    "resolved": "https://registry.npm.taobao.org/resolve/download/resolve-1.20.0.tgz",
                    "integrity": "sha1-YpoBP7P3B1XW8LeTXMHCxTeLGXU=",
                    "dev": true,
                    "requires": {
                        "is-core-module": "^2.2.0",
                        "path-parse": "^1.0.6"
                    }
                }
            }
        },
        "vue": {
            "version": "3.0.7",
            "resolved": "https://registry.npm.taobao.org/vue/download/vue-3.0.7.tgz",
            "integrity": "sha1-i8/1H4vlcPnkzozF9S4qsP48dKE=",
            "requires": {
                "@vue/compiler-dom": "3.0.7",
                "@vue/runtime-dom": "3.0.7",
                "@vue/shared": "3.0.7"
            }
        },
        "vue-router": {
            "version": "4.0.5",
            "resolved": "https://registry.npm.taobao.org/vue-router/download/vue-router-4.0.5.tgz?cache=0&sync_timestamp=1615477493682&other_urls=https%3A%2F%2Fregistry.npm.taobao.org%2Fvue-router%2Fdownload%2Fvue-router-4.0.5.tgz",
            "integrity": "sha1-3QpBNLyVDDeu9kuXPp7hAIQo2Po="
        },
        "vuex": {
            "version": "4.0.0",
            "resolved": "https://registry.npm.taobao.org/vuex/download/vuex-4.0.0.tgz",
            "integrity": "sha1-rId6p2qcRTaMl5Rx5GG1INOObPU="
        },
        "yallist": {
            "version": "3.1.1",
            "resolved": "https://registry.npm.taobao.org/yallist/download/yallist-3.1.1.tgz",
            "integrity": "sha1-27fa+b/YusmrRev2ArjLrQ1dCP0=",
            "dev": true
        }
    }
}
